
Microsoft Visual Studio Solution File, Format Version 12.00
Project("{FAE04EC0-301F-11D3-BF4B-00C04F79EFBC}") = "AzFunctionSkill", "AzFunctionSkill.csproj", "{ACBFA8F0-BE59-4287-B5BE-EDA07EE7695C}"
EndProject
Global
	GlobalSection(SolutionConfigurationPlatforms) = preSolution
		Debug|Any CPU = Debug|Any CPU
		Release|Any CPU = Release|Any CPU
	EndGlobalSection
	GlobalSection(ProjectConfigurationPlatforms) = postSolution
		{ACBFA8F0-BE59-4287-B5BE-EDA07EE7695C}.Debug|Any CPU.ActiveCfg = Debug|Any CPU
		{ACBFA8F0-BE59-4287-B5BE-EDA07EE7695C}.Debug|Any CPU.Build.0 = Debug|Any CPU
		{ACBFA8F0-BE59-4287-B5BE-EDA07EE7695C}.Release|Any CPU.ActiveCfg = Release|Any CPU
		{ACBFA8F0-BE59-4287-B5BE-EDA07EE7695C}.Release|Any CPU.Build.0 = Release|Any CPU
	EndGlobalSection
EndGlobal
